PODS:
  - OnboardKit (1.5.0)
  - QuickLayout (3.0.0)
  - SDWebImage (5.3.2):
    - SDWebImage/Core (= 5.3.2)
  - SDWebImage/Core (5.3.2)
  - SwiftEntryKit (1.1.3):
    - QuickLayout (= 3.0.0)
  - TorchKit (0.3.2)

DEPENDENCIES:
  - OnboardKit
  - SDWebImage
  - SwiftEntryKit (= 1.1.3)
  - "TorchKit (from `{:http=>\"https://artifacts.torch.dev/torchkit/TorchKit_0_3_2.zip\"}`)"

SPEC REPOS:
  trunk:
    - OnboardKit
    - QuickLayout
    - SDWebImage
    - SwiftEntryKit

EXTERNAL SOURCES:
  TorchKit:
    :http: https://artifacts.torch.dev/torchkit/TorchKit_0_3_2.zip

CHECKOUT OPTIONS:
  TorchKit:
    :http: https://artifacts.torch.dev/torchkit/TorchKit_0_3_2.zip

SPEC CHECKSUMS:
  OnboardKit: 73a4e9c9a1ae88afee0514ac3f2bc4f82126b66e
  QuickLayout: 07b45a72b10083fee3f095990cfed1c1e7b27f0a
  SDWebImage: 6ac2eb96571bff96ecde31a987172c5934a0eb7d
  SwiftEntryKit: be00509cf6e1e88b57bb96cf2114b09cf20ee84a
  TorchKit: 3fcc64f0573560aa772f321bcf18976708347754

PODFILE CHECKSUM: c7d79c54a141cfda09242c33f1c31206b93fbcda

COCOAPODS: 1.8.3
